
Microsoft Visual Studio Solution File, Format Version 12.00
# Visual Studio Version 17
VisualStudioVersion = 17.6.33723.286
MinimumVisualStudioVersion = 10.0.40219.1
Project("{9A19103F-16F7-4668-BE54-9A1E7A4F7556}") = "KcopsAnalysis", "KcopsAnalysis\KcopsAnalysis.csproj", "{4AE41D23-D8B0-46B3-8CC5-38D1E0373645}"
EndProject
Project("{2150E333-8FDC-42A3-9474-1A3956D46DE8}") = "Solution Items", "Solution Items", "{BBBCB14B-FE80-4388-BDAC-E0EE1EF5EE9F}"
	ProjectSection(SolutionItems) = preProject
		.editorconfig = .editorconfig
		..\..\..\Users\USER\Downloads\CustomMessageBox-main\CustomMessageBox-main\CustomMessageBox\Resources\chat.png = ..\..\..\Users\USER\Downloads\CustomMessageBox-main\CustomMessageBox-main\CustomMessageBox\Resources\chat.png
	EndProjectSection
EndProject
Global
	GlobalSection(SolutionConfigurationPlatforms) = preSolution
		Debug|Any CPU = Debug|Any CPU
		Release|Any CPU = Release|Any CPU
	EndGlobalSection
	GlobalSection(ProjectConfigurationPlatforms) = postSolution
		{4AE41D23-D8B0-46B3-8CC5-38D1E0373645}.Debug|Any CPU.ActiveCfg = Debug|Any CPU
		{4AE41D23-D8B0-46B3-8CC5-38D1E0373645}.Debug|Any CPU.Build.0 = Debug|Any CPU
		{4AE41D23-D8B0-46B3-8CC5-38D1E0373645}.Release|Any CPU.ActiveCfg = Release|Any CPU
		{4AE41D23-D8B0-46B3-8CC5-38D1E0373645}.Release|Any CPU.Build.0 = Release|Any CPU
	EndGlobalSection
	GlobalSection(SolutionProperties) = preSolution
		HideSolutionNode = FALSE
	EndGlobalSection
	GlobalSection(ExtensibilityGlobals) = postSolution
		SolutionGuid = {C4DF5CAE-5D57-4143-B7ED-D5037B7E240B}
	EndGlobalSection
EndGlobal
